// !$*UTF8*$!
{
	archiveVersion = 1;
	classes = {
	};
	objectVersion = 56;
	objects = {

/* Begin PBXBuildFile section */
		2F57E17A2D1428EB00E9DC50 /* IndexViewController.swift in Sources */ = {isa = PBXBuildFile; fileRef = 2F57E1792D1428EB00E9DC50 /* IndexViewController.swift */; };
		2F69731D2CB8D07300EED0DE /* AppDelegate.swift in Sources */ = {isa = PBXBuildFile; fileRef = 2F69731C2CB8D07300EED0DE /* AppDelegate.swift */; };
		2F69731F2CB8D07300EED0DE /* SceneDelegate.swift in Sources */ = {isa = PBXBuildFile; fileRef = 2F69731E2CB8D07300EED0DE /* SceneDelegate.swift */; };
		2F6973242CB8D07300EED0DE /* Base in Resources */ = {isa = PBXBuildFile; fileRef = 2F6973232CB8D07300EED0DE /* Base */; };
		2F6973262CB8D07500EED0DE /* Assets.xcassets in Resources */ = {isa = PBXBuildFile; fileRef = 2F6973252CB8D07500EED0DE /* Assets.xcassets */; };
		2F6973292CB8D07500EED0DE /* Base in Resources */ = {isa = PBXBuildFile; fileRef = 2F6973282CB8D07500EED0DE /* Base */; };
		2F6973332CB8D14500EED0DE /* TestOC.m in Sources */ = {isa = PBXBuildFile; fileRef = 2F6973322CB8D14500EED0DE /* TestOC.m */; };
		2F6B4DA12D029DF400931915 /* test.html in Resources */ = {isa = PBXBuildFile; fileRef = 2F6B4DA02D029DEC00931915 /* test.html */; };
		2F765FBE2D0AD21B0047E3EB /* OpenGLES.framework in Frameworks */ = {isa = PBXBuildFile; fileRef = 2F765FBD2D0AD21B0047E3EB /* OpenGLES.framework */; };
		2F765FC02D0AD2D30047E3EB /* GLKit.framework in Frameworks */ = {isa = PBXBuildFile; fileRef = 2F765FBF2D0AD2D30047E3EB /* GLKit.framework */; };
		2F765FC22D0AD34D0047E3EB /* 123456.png in Resources */ = {isa = PBXBuildFile; fileRef = 2F765FC12D0AD34D0047E3EB /* 123456.png */; };
		2F8052792CD9BBEB003F20FF /* WKWebviewController.swift in Sources */ = {isa = PBXBuildFile; fileRef = 2F8052782CD9BBE7003F20FF /* WKWebviewController.swift */; };
/* End PBXBuildFile section */

/* Begin PBXFileReference section */
		2F57E1792D1428EB00E9DC50 /* IndexViewController.swift */ = {isa = PBXFileReference; lastKnownFileType = sourcecode.swift; path = IndexViewController.swift; sourceTree = "<group>"; };
		2F6973192CB8D07300EED0DE /* iOSTest.app */ = {isa = PBXFileReference; explicitFileType = wrapper.application; includeInIndex = 0; path = iOSTest.app; sourceTree = BUILT_PRODUCTS_DIR; };
		2F69731C2CB8D07300EED0DE /* AppDelegate.swift */ = {isa = PBXFileReference; lastKnownFileType = sourcecode.swift; path = AppDelegate.swift; sourceTree = "<group>"; };
		2F69731E2CB8D07300EED0DE /* SceneDelegate.swift */ = {isa = PBXFileReference; lastKnownFileType = sourcecode.swift; path = SceneDelegate.swift; sourceTree = "<group>"; };
		2F6973232CB8D07300EED0DE /* Base */ = {isa = PBXFileReference; lastKnownFileType = file.storyboard; name = Base; path = Base.lproj/Main.storyboard; sourceTree = "<group>"; };
		2F6973252CB8D07500EED0DE /* Assets.xcassets */ = {isa = PBXFileReference; lastKnownFileType = folder.assetcatalog; path = Assets.xcassets; sourceTree = "<group>"; };
		2F6973282CB8D07500EED0DE /* Base */ = {isa = PBXFileReference; lastKnownFileType = file.storyboard; name = Base; path = Base.lproj/LaunchScreen.storyboard; sourceTree = "<group>"; };
		2F69732A2CB8D07500EED0DE /* Info.plist */ = {isa = PBXFileReference; lastKnownFileType = text.plist.xml; path = Info.plist; sourceTree = "<group>"; };
		2F6973302CB8D14400EED0DE /* iOSTest-Bridging-Header.h */ = {isa = PBXFileReference; lastKnownFileType = sourcecode.c.h; path = "iOSTest-Bridging-Header.h"; sourceTree = "<group>"; };
		2F6973312CB8D14500EED0DE /* TestOC.h */ = {isa = PBXFileReference; lastKnownFileType = sourcecode.c.h; path = TestOC.h; sourceTree = "<group>"; };
		2F6973322CB8D14500EED0DE /* TestOC.m */ = {isa = PBXFileReference; lastKnownFileType = sourcecode.c.objc; path = TestOC.m; sourceTree = "<group>"; };
		2F6B4DA02D029DEC00931915 /* test.html */ = {isa = PBXFileReference; lastKnownFileType = text.html; path = test.html; sourceTree = "<group>"; };
		2F765FBD2D0AD21B0047E3EB /* OpenGLES.framework */ = {isa = PBXFileReference; lastKnownFileType = wrapper.framework; name = OpenGLES.framework; path = System/Library/Frameworks/OpenGLES.framework; sourceTree = SDKROOT; };
		2F765FBF2D0AD2D30047E3EB /* GLKit.framework */ = {isa = PBXFileReference; lastKnownFileType = wrapper.framework; name = GLKit.framework; path = System/Library/Frameworks/GLKit.framework; sourceTree = SDKROOT; };
		2F765FC12D0AD34D0047E3EB /* 123456.png */ = {isa = PBXFileReference; lastKnownFileType = image.png; path = 123456.png; sourceTree = "<group>"; };
		2F8052782CD9BBE7003F20FF /* WKWebviewController.swift */ = {isa = PBXFileReference; lastKnownFileType = sourcecode.swift; path = WKWebviewController.swift; sourceTree = "<group>"; };
/* End PBXFileReference section */

/* Begin PBXFrameworksBuildPhase section */
		2F6973162CB8D07300EED0DE /* Frameworks */ = {
			isa = PBXFrameworksBuildPhase;
			buildActionMask = 2147483647;
			files = (
				2F765FC02D0AD2D30047E3EB /* GLKit.framework in Frameworks */,
				2F765FBE2D0AD21B0047E3EB /* OpenGLES.framework in Frameworks */,
			);
			runOnlyForDeploymentPostprocessing = 0;
		};
/* End PBXFrameworksBuildPhase section */

/* Begin PBXGroup section */
		2F6973102CB8D07300EED0DE = {
			isa = PBXGroup;
			children = (
				2F69731B2CB8D07300EED0DE /* iOSTest */,
				2F765FBC2D0AD21B0047E3EB /* Frameworks */,
				2F69731A2CB8D07300EED0DE /* Products */,
			);
			sourceTree = "<group>";
		};
		2F69731A2CB8D07300EED0DE /* Products */ = {
			isa = PBXGroup;
			children = (
				2F6973192CB8D07300EED0DE /* iOSTest.app */,
			);
			name = Products;
			sourceTree = "<group>";
		};
		2F69731B2CB8D07300EED0DE /* iOSTest */ = {
			isa = PBXGroup;
			children = (
				2F6B4DA02D029DEC00931915 /* test.html */,
				2F8052782CD9BBE7003F20FF /* WKWebviewController.swift */,
				2F69731C2CB8D07300EED0DE /* AppDelegate.swift */,
				2F69731E2CB8D07300EED0DE /* SceneDelegate.swift */,
				2F57E1792D1428EB00E9DC50 /* IndexViewController.swift */,
				2F6973222CB8D07300EED0DE /* Main.storyboard */,
				2F6973252CB8D07500EED0DE /* Assets.xcassets */,
				2F6973272CB8D07500EED0DE /* LaunchScreen.storyboard */,
				2F69732A2CB8D07500EED0DE /* Info.plist */,
				2F6973312CB8D14500EED0DE /* TestOC.h */,
				2F765FC12D0AD34D0047E3EB /* 123456.png */,
				2F6973322CB8D14500EED0DE /* TestOC.m */,
				2F6973302CB8D14400EED0DE /* iOSTest-Bridging-Header.h */,
			);
			path = iOSTest;
			sourceTree = "<group>";
		};
		2F765FBC2D0AD21B0047E3EB /* Frameworks */ = {
			isa = PBXGroup;
			children = (
				2F765FBF2D0AD2D30047E3EB /* GLKit.framework */,
				2F765FBD2D0AD21B0047E3EB /* OpenGLES.framework */,
			);
			name = Frameworks;
			sourceTree = "<group>";
		};
/* End PBXGroup section */

/* Begin PBXNativeTarget section */
		2F6973182CB8D07300EED0DE /* iOSTest */ = {
			isa = PBXNativeTarget;
			buildConfigurationList = 2F69732D2CB8D07500EED0DE /* Build configuration list for PBXNativeTarget "iOSTest" */;
			buildPhases = (
				2F6973152CB8D07300EED0DE /* Sources */,
				2F6973162CB8D07300EED0DE /* Frameworks */,
				2F6973172CB8D07300EED0DE /* Resources */,
			);
			buildRules = (
			);
			dependencies = (
			);
			name = iOSTest;
			productName = iOSTest;
			productReference = 2F6973192CB8D07300EED0DE /* iOSTest.app */;
			productType = "com.apple.product-type.application";
		};
/* End PBXNativeTarget section */

/* Begin PBXProject section */
		2F6973112CB8D07300EED0DE /* Project object */ = {
			isa = PBXProject;
			attributes = {
				BuildIndependentTargetsInParallel = 1;
				LastSwiftUpdateCheck = 1540;
				LastUpgradeCheck = 1540;
				TargetAttributes = {
					2F6973182CB8D07300EED0DE = {
						CreatedOnToolsVersion = 15.4;
						LastSwiftMigration = 1540;
					};
				};
			};
			buildConfigurationList = 2F6973142CB8D07300EED0DE /* Build configuration list for PBXProject "iOSTest" */;
			compatibilityVersion = "Xcode 14.0";
			developmentRegion = en;
			hasScannedForEncodings = 0;
			knownRegions = (
				en,
				Base,
			);
			mainGroup = 2F6973102CB8D07300EED0DE;
			productRefGroup = 2F69731A2CB8D07300EED0DE /* Products */;
			projectDirPath = "";
			projectRoot = "";
			targets = (
				2F6973182CB8D07300EED0DE /* iOSTest */,
			);
		};
/* End PBXProject section */

/* Begin PBXResourcesBuildPhase section */
		2F6973172CB8D07300EED0DE /* Resources */ = {
			isa = PBXResourcesBuildPhase;
			buildActionMask = 2147483647;
			files = (
				2F765FC22D0AD34D0047E3EB /* 123456.png in Resources */,
				2F6B4DA12D029DF400931915 /* test.html in Resources */,
				2F6973262CB8D07500EED0DE /* Assets.xcassets in Resources */,
				2F6973292CB8D07500EED0DE /* Base in Resources */,
				2F6973242CB8D07300EED0DE /* Base in Resources */,
			);
			runOnlyForDeploymentPostprocessing = 0;
		};
/* End PBXResourcesBuildPhase section */

/* Begin PBXSourcesBuildPhase section */
		2F6973152CB8D07300EED0DE /* Sources */ = {
			isa = PBXSourcesBuildPhase;
			buildActionMask = 2147483647;
			files = (
				2F8052792CD9BBEB003F20FF /* WKWebviewController.swift in Sources */,
				2F6973332CB8D14500EED0DE /* TestOC.m in Sources */,
				2F69731D2CB8D07300EED0DE /* AppDelegate.swift in Sources */,
				2F69731F2CB8D07300EED0DE /* SceneDelegate.swift in Sources */,
				2F57E17A2D1428EB00E9DC50 /* IndexViewController.swift in Sources */,
			);
			runOnlyForDeploymentPostprocessing = 0;
		};
/* End PBXSourcesBuildPhase section */

/* Begin PBXVariantGroup section */
		2F6973222CB8D07300EED0DE /* Main.storyboard */ = {
			isa = PBXVariantGroup;
			children = (
				2F6973232CB8D07300EED0DE /* Base */,
			);
			name = Main.storyboard;
			sourceTree = "<group>";
		};
		2F6973272CB8D07500EED0DE /* LaunchScreen.storyboard */ = {
			isa = PBXVariantGroup;
			children = (
				2F6973282CB8D07500EED0DE /* Base */,
			);
			name = LaunchScreen.storyboard;
			sourceTree = "<group>";
		};
/* End PBXVariantGroup section */

/* Begin XCBuildConfiguration section */
		2F69732B2CB8D07500EED0DE /* Debug */ = {
			isa = XCBuildConfiguration;
			buildSettings = {
				ALWAYS_SEARCH_USER_PATHS = NO;
				ASSETCATALOG_COMPILER_GENERATE_SWIFT_ASSET_SYMBOL_EXTENSIONS = YES;
				CLANG_ANALYZER_NONNULL = YES;
				CLANG_ANALYZER_NUMBER_OBJECT_CONVERSION = YES_AGGRESSIVE;
				CLANG_CXX_LANGUAGE_STANDARD = "gnu++20";
				CLANG_ENABLE_MODULES = YES;
				CLANG_ENABLE_OBJC_ARC = YES;
				CLANG_ENABLE_OBJC_WEAK = YES;
				CLANG_WARN_BLOCK_CAPTURE_AUTORELEASING = YES;
				CLANG_WARN_BOOL_CONVERSION = YES;
				CLANG_WARN_COMMA = YES;
				CLANG_WARN_CONSTANT_CONVERSION = YES;
				CLANG_WARN_DEPRECATED_OBJC_IMPLEMENTATIONS = YES;
				CLANG_WARN_DIRECT_OBJC_ISA_USAGE = YES_ERROR;
				CLANG_WARN_DOCUMENTATION_COMMENTS = YES;
				CLANG_WARN_EMPTY_BODY = YES;
				CLANG_WARN_ENUM_CONVERSION = YES;
				CLANG_WARN_INFINITE_RECURSION = YES;
				CLANG_WARN_INT_CONVERSION = YES;
				CLANG_WARN_NON_LITERAL_NULL_CONVERSION = YES;
				CLANG_WARN_OBJC_IMPLICIT_RETAIN_SELF = YES;
				CLANG_WARN_OBJC_LITERAL_CONVERSION = YES;
				CLANG_WARN_OBJC_ROOT_CLASS = YES_ERROR;
				CLANG_WARN_QUOTED_INCLUDE_IN_FRAMEWORK_HEADER = YES;
				CLANG_WARN_RANGE_LOOP_ANALYSIS = YES;
				CLANG_WARN_STRICT_PROTOTYPES = YES;
				CLANG_WARN_SUSPICIOUS_MOVE = YES;
				CLANG_WARN_UNGUARDED_AVAILABILITY = YES_AGGRESSIVE;
				CLANG_WARN_UNREACHABLE_CODE = YES;
				CLANG_WARN__DUPLICATE_METHOD_MATCH = YES;
				COPY_PHASE_STRIP = NO;
				DEBUG_INFORMATION_FORMAT = dwarf;
				ENABLE_STRICT_OBJC_MSGSEND = YES;
				ENABLE_TESTABILITY = YES;
				ENABLE_USER_SCRIPT_SANDBOXING = YES;
				GCC_C_LANGUAGE_STANDARD = gnu17;
				GCC_DYNAMIC_NO_PIC = NO;
				GCC_NO_COMMON_BLOCKS = YES;
				GCC_OPTIMIZATION_LEVEL = 0;
				GCC_PREPROCESSOR_DEFINITIONS = (
					"DEBUG=1",
					"$(inherited)",
				);
				GCC_WARN_64_TO_32_BIT_CONVERSION = YES;
				GCC_WARN_ABOUT_RETURN_TYPE = YES_ERROR;
				GCC_WARN_UNDECLARED_SELECTOR = YES;
				GCC_WARN_UNINITIALIZED_AUTOS = YES_AGGRESSIVE;
				GCC_WARN_UNUSED_FUNCTION = YES;
				GCC_WARN_UNUSED_VARIABLE = YES;
				IPHONEOS_DEPLOYMENT_TARGET = 17.5;
				LOCALIZATION_PREFERS_STRING_CATALOGS = YES;
				MTL_ENABLE_DEBUG_INFO = INCLUDE_SOURCE;
				MTL_FAST_MATH = YES;
				ONLY_ACTIVE_ARCH = YES;
				SDKROOT = iphoneos;
				SWIFT_ACTIVE_COMPILATION_CONDITIONS = "DEBUG $(inherited)";
				SWIFT_OPTIMIZATION_LEVEL = "-Onone";
			};
			name = Debug;
		};
		2F69732C2CB8D07500EED0DE /* Release */ = {
			isa = XCBuildConfiguration;
			buildSettings = {
				ALWAYS_SEARCH_USER_PATHS = NO;
				ASSETCATALOG_COMPILER_GENERATE_SWIFT_ASSET_SYMBOL_EXTENSIONS = YES;
				CLANG_ANALYZER_NONNULL = YES;
				CLANG_ANALYZER_NUMBER_OBJECT_CONVERSION = YES_AGGRESSIVE;
				CLANG_CXX_LANGUAGE_STANDARD = "gnu++20";
				CLANG_ENABLE_MODULES = YES;
				CLANG_ENABLE_OBJC_ARC = YES;
				CLANG_ENABLE_OBJC_WEAK = YES;
				CLANG_WARN_BLOCK_CAPTURE_AUTORELEASING = YES;
				CLANG_WARN_BOOL_CONVERSION = YES;
				CLANG_WARN_COMMA = YES;
				CLANG_WARN_CONSTANT_CONVERSION = YES;
				CLANG_WARN_DEPRECATED_OBJC_IMPLEMENTATIONS = YES;
				CLANG_WARN_DIRECT_OBJC_ISA_USAGE = YES_ERROR;
				CLANG_WARN_DOCUMENTATION_COMMENTS = YES;
				CLANG_WARN_EMPTY_BODY = YES;
				CLANG_WARN_ENUM_CONVERSION = YES;
				CLANG_WARN_INFINITE_RECURSION = YES;
				CLANG_WARN_INT_CONVERSION = YES;
				CLANG_WARN_NON_LITERAL_NULL_CONVERSION = YES;
				CLANG_WARN_OBJC_IMPLICIT_RETAIN_SELF = YES;
				CLANG_WARN_OBJC_LITERAL_CONVERSION = YES;
				CLANG_WARN_OBJC_ROOT_CLASS = YES_ERROR;
				CLANG_WARN_QUOTED_INCLUDE_IN_FRAMEWORK_HEADER = YES;
				CLANG_WARN_RANGE_LOOP_ANALYSIS = YES;
				CLANG_WARN_STRICT_PROTOTYPES = YES;
				CLANG_WARN_SUSPICIOUS_MOVE = YES;
				CLANG_WARN_UNGUARDED_AVAILABILITY = YES_AGGRESSIVE;
				CLANG_WARN_UNREACHABLE_CODE = YES;
				CLANG_WARN__DUPLICATE_METHOD_MATCH = YES;
				COPY_PHASE_STRIP = NO;
				DEBUG_INFORMATION_FORMAT = "dwarf-with-dsym";
				ENABLE_NS_ASSERTIONS = NO;
				ENABLE_STRICT_OBJC_MSGSEND = YES;
				ENABLE_USER_SCRIPT_SANDBOXING = YES;
				GCC_C_LANGUAGE_STANDARD = gnu17;
				GCC_NO_COMMON_BLOCKS = YES;
				GCC_WARN_64_TO_32_BIT_CONVERSION = YES;
				GCC_WARN_ABOUT_RETURN_TYPE = YES_ERROR;
				GCC_WARN_UNDECLARED_SELECTOR = YES;
				GCC_WARN_UNINITIALIZED_AUTOS = YES_AGGRESSIVE;
				GCC_WARN_UNUSED_FUNCTION = YES;
				GCC_WARN_UNUSED_VARIABLE = YES;
				IPHONEOS_DEPLOYMENT_TARGET = 17.5;
				LOCALIZATION_PREFERS_STRING_CATALOGS = YES;
				MTL_ENABLE_DEBUG_INFO = NO;
				MTL_FAST_MATH = YES;
				SDKROOT = iphoneos;
				SWIFT_COMPILATION_MODE = wholemodule;
				VALIDATE_PRODUCT = YES;
			};
			name = Release;
		};
		2F69732E2CB8D07500EED0DE /* Debug */ = {
			isa = XCBuildConfiguration;
			buildSettings = {
				ASSETCATALOG_COMPILER_APPICON_NAME = AppIcon;
				ASSETCATALOG_COMPILER_GLOBAL_ACCENT_COLOR_NAME = AccentColor;
				CLANG_ENABLE_MODULES = YES;
				CODE_SIGN_IDENTITY = "Apple Development";
				CODE_SIGN_STYLE = Automatic;
				CURRENT_PROJECT_VERSION = 1;
				DEVELOPMENT_TEAM = YQM5H857L5;
				GENERATE_INFOPLIST_FILE = YES;
				INFOPLIST_FILE = iOSTest/Info.plist;
				INFOPLIST_KEY_NSAppleMusicUsageDescription = "";
				INFOPLIST_KEY_NSCameraUsageDescription = "需要访问您的相机来拍摄照片和视频。";
				INFOPLIST_KEY_NSLocalNetworkUsageDescription = "";
				INFOPLIST_KEY_NSMicrophoneUsageDescription = "需要访问您的相机来拍摄照片和视频。";
				INFOPLIST_KEY_NSRemovableVolumesUsageDescription = "";
				INFOPLIST_KEY_UIApplicationSupportsIndirectInputEvents = YES;
				INFOPLIST_KEY_UILaunchStoryboardName = LaunchScreen;
				INFOPLIST_KEY_UIMainStoryboardFile = Main;
				INFOPLIST_KEY_UIRequiredDeviceCapabilities = "video-camera microphone";
				INFOPLIST_KEY_UISupportedInterfaceOrientations_iPad = "UIInterfaceOrientationPortrait UIInterfaceOrientationPortraitUpsideDown UIInterfaceOrientationLandscapeLeft UIInterfaceOrientationLandscapeRight";
				INFOPLIST_KEY_UISupportedInterfaceOrientations_iPhone = "UIInterfaceOrientationPortrait UIInterfaceOrientationLandscapeLeft UIInterfaceOrientationLandscapeRight";
				IPHONEOS_DEPLOYMENT_TARGET = 12.0;
				LD_RUNPATH_SEARCH_PATHS = (
					"$(inherited)",
					"@executable_path/Frameworks",
				);
				MARKETING_VERSION = 1.0;
				PRODUCT_BUNDLE_IDENTIFIER = io.dcloud.uniappx.test;
				PRODUCT_NAME = "$(TARGET_NAME)";
				PROVISIONING_PROFILE_SPECIFIER = "";
				SWIFT_EMIT_LOC_STRINGS = YES;
				SWIFT_OBJC_BRIDGING_HEADER = "iOSTest/iOSTest-Bridging-Header.h";
				SWIFT_OPTIMIZATION_LEVEL = "-Onone";
				SWIFT_VERSION = 5.0;
				TARGETED_DEVICE_FAMILY = "1,2";
			};
			name = Debug;
		};
		2F69732F2CB8D07500EED0DE /* Release */ = {
			isa = XCBuildConfiguration;
			buildSettings = {
				ASSETCATALOG_COMPILER_APPICON_NAME = AppIcon;
				ASSETCATALOG_COMPILER_GLOBAL_ACCENT_COLOR_NAME = AccentColor;
				CLANG_ENABLE_MODULES = YES;
				CODE_SIGN_IDENTITY = "Apple Development";
				CODE_SIGN_STYLE = Automatic;
				CURRENT_PROJECT_VERSION = 1;
				DEVELOPMENT_TEAM = YQM5H857L5;
				GENERATE_INFOPLIST_FILE = YES;
				INFOPLIST_FILE = iOSTest/Info.plist;
				INFOPLIST_KEY_NSAppleMusicUsageDescription = "";
				INFOPLIST_KEY_NSCameraUsageDescription = "需要访问您的相机来拍摄照片和视频。";
				INFOPLIST_KEY_NSLocalNetworkUsageDescription = "";
				INFOPLIST_KEY_NSMicrophoneUsageDescription = "需要访问您的相机来拍摄照片和视频。";
				INFOPLIST_KEY_NSRemovableVolumesUsageDescription = "";
				INFOPLIST_KEY_UIApplicationSupportsIndirectInputEvents = YES;
				INFOPLIST_KEY_UILaunchStoryboardName = LaunchScreen;
				INFOPLIST_KEY_UIMainStoryboardFile = Main;
				INFOPLIST_KEY_UIRequiredDeviceCapabilities = "video-camera microphone";
				INFOPLIST_KEY_UISupportedInterfaceOrientations_iPad = "UIInterfaceOrientationPortrait UIInterfaceOrientationPortraitUpsideDown UIInterfaceOrientationLandscapeLeft UIInterfaceOrientationLandscapeRight";
				INFOPLIST_KEY_UISupportedInterfaceOrientations_iPhone = "UIInterfaceOrientationPortrait UIInterfaceOrientationLandscapeLeft UIInterfaceOrientationLandscapeRight";
				IPHONEOS_DEPLOYMENT_TARGET = 12.0;
				LD_RUNPATH_SEARCH_PATHS = (
					"$(inherited)",
					"@executable_path/Frameworks",
				);
				MARKETING_VERSION = 1.0;
				PRODUCT_BUNDLE_IDENTIFIER = io.dcloud.uniappx.test;
				PRODUCT_NAME = "$(TARGET_NAME)";
				PROVISIONING_PROFILE_SPECIFIER = "";
				SWIFT_EMIT_LOC_STRINGS = YES;
				SWIFT_OBJC_BRIDGING_HEADER = "iOSTest/iOSTest-Bridging-Header.h";
				SWIFT_VERSION = 5.0;
				TARGETED_DEVICE_FAMILY = "1,2";
			};
			name = Release;
		};
/* End XCBuildConfiguration section */

/* Begin XCConfigurationList section */
		2F6973142CB8D07300EED0DE /* Build configuration list for PBXProject "iOSTest" */ = {
			isa = XCConfigurationList;
			buildConfigurations = (
				2F69732B2CB8D07500EED0DE /* Debug */,
				2F69732C2CB8D07500EED0DE /* Release */,
			);
			defaultConfigurationIsVisible = 0;
			defaultConfigurationName = Release;
		};
		2F69732D2CB8D07500EED0DE /* Build configuration list for PBXNativeTarget "iOSTest" */ = {
			isa = XCConfigurationList;
			buildConfigurations = (
				2F69732E2CB8D07500EED0DE /* Debug */,
				2F69732F2CB8D07500EED0DE /* Release */,
			);
			defaultConfigurationIsVisible = 0;
			defaultConfigurationName = Release;
		};
/* End XCConfigurationList section */
	};
	rootObject = 2F6973112CB8D07300EED0DE /* Project object */;
}
